
Microsoft Visual Studio Solution File, Format Version 12.00
# Visual Studio Version 17
VisualStudioVersion = 17.0.32014.148
MinimumVisualStudioVersion = 10.0.40219.1
Project("{9A19103F-16F7-4668-BE54-9A1E7A4F7556}") = "HBNiuBi", "HBNiuBi\HBNiuBi.csproj", "{8F911333-1507-4890-A3B8-2E59E7DFC7D9}"
EndProject
Global
	GlobalSection(SolutionConfigurationPlatforms) = preSolution
		Debug|x86 = Debug|x86
		Release|x86 = Release|x86
	EndGlobalSection
	GlobalSection(ProjectConfigurationPlatforms) = postSolution
		{8F911333-1507-4890-A3B8-2E59E7DFC7D9}.Debug|x86.ActiveCfg = Debug|x86
		{8F911333-1507-4890-A3B8-2E59E7DFC7D9}.Debug|x86.Build.0 = Debug|x86
		{8F911333-1507-4890-A3B8-2E59E7DFC7D9}.Release|x86.ActiveCfg = Release|x86
		{8F911333-1507-4890-A3B8-2E59E7DFC7D9}.Release|x86.Build.0 = Release|x86
	EndGlobalSection
	GlobalSection(SolutionProperties) = preSolution
		HideSolutionNode = FALSE
	EndGlobalSection
	GlobalSection(ExtensibilityGlobals) = postSolution
		SolutionGuid = {C4DE4E03-FB79-46B1-BE56-B9B7FCFF676C}
	EndGlobalSection
EndGlobal
